
Microsoft Visual Studio Solution File, Format Version 12.00
# Visual Studio Version 17
VisualStudioVersion = 17.3.32825.248
MinimumVisualStudioVersion = 10.0.40219.1
Project("{FAE04EC0-301F-11D3-BF4B-00C04F79EFBC}") = "ShopManager.Api", "ShopManager.Api\ShopManager.Api.csproj", "{23146DAB-D109-4261-8DBA-0F6CC5471732}"
EndProject
Project("{FAE04EC0-301F-11D3-BF4B-00C04F79EFBC}") = "ShopManager.Entity", "ShopManager.Entity\ShopManager.Entity.csproj", "{3FE39999-C1B9-4FAE-B0A1-0718ABC38217}"
EndProject
Project("{FAE04EC0-301F-11D3-BF4B-00C04F79EFBC}") = "ShopManager.Domain", "ShopManager.Domain\ShopManager.Domain.csproj", "{1E24A197-85EC-42E2-9651-2E28ECDFDB29}"
EndProject
Project("{FAE04EC0-301F-11D3-BF4B-00C04F79EFBC}") = "ShopManager.Repository", "ShopManager.Repository\ShopManager.Repository.csproj", "{DF7BA270-B8A0-4E36-898D-D0E8E52F6F68}"
EndProject
Project("{FAE04EC0-301F-11D3-BF4B-00C04F79EFBC}") = "ShopManager.Infraestructure", "ShopManager.Infraestructure\ShopManager.Infraestructure.csproj", "{1018D112-29BB-4014-8743-09AE570601FC}"
EndProject
Project("{FAE04EC0-301F-11D3-BF4B-00C04F79EFBC}") = "ShopManager.Test", "ShopManager.Test\ShopManager.Test.csproj", "{C84512D8-F717-45F8-8C99-5BA2479EC429}"
EndProject
Global
	GlobalSection(SolutionConfigurationPlatforms) = preSolution
		Debug|Any CPU = Debug|Any CPU
		Release|Any CPU = Release|Any CPU
	EndGlobalSection
	GlobalSection(ProjectConfigurationPlatforms) = postSolution
		{23146DAB-D109-4261-8DBA-0F6CC5471732}.Debug|Any CPU.ActiveCfg = Debug|Any CPU
		{23146DAB-D109-4261-8DBA-0F6CC5471732}.Debug|Any CPU.Build.0 = Debug|Any CPU
		{23146DAB-D109-4261-8DBA-0F6CC5471732}.Release|Any CPU.ActiveCfg = Release|Any CPU
		{23146DAB-D109-4261-8DBA-0F6CC5471732}.Release|Any CPU.Build.0 = Release|Any CPU
		{3FE39999-C1B9-4FAE-B0A1-0718ABC38217}.Debug|Any CPU.ActiveCfg = Debug|Any CPU
		{3FE39999-C1B9-4FAE-B0A1-0718ABC38217}.Debug|Any CPU.Build.0 = Debug|Any CPU
		{3FE39999-C1B9-4FAE-B0A1-0718ABC38217}.Release|Any CPU.ActiveCfg = Release|Any CPU
		{3FE39999-C1B9-4FAE-B0A1-0718ABC38217}.Release|Any CPU.Build.0 = Release|Any CPU
		{1E24A197-85EC-42E2-9651-2E28ECDFDB29}.Debug|Any CPU.ActiveCfg = Debug|Any CPU
		{1E24A197-85EC-42E2-9651-2E28ECDFDB29}.Debug|Any CPU.Build.0 = Debug|Any CPU
		{1E24A197-85EC-42E2-9651-2E28ECDFDB29}.Release|Any CPU.ActiveCfg = Release|Any CPU
		{1E24A197-85EC-42E2-9651-2E28ECDFDB29}.Release|Any CPU.Build.0 = Release|Any CPU
		{DF7BA270-B8A0-4E36-898D-D0E8E52F6F68}.Debug|Any CPU.ActiveCfg = Debug|Any CPU
		{DF7BA270-B8A0-4E36-898D-D0E8E52F6F68}.Debug|Any CPU.Build.0 = Debug|Any CPU
		{DF7BA270-B8A0-4E36-898D-D0E8E52F6F68}.Release|Any CPU.ActiveCfg = Release|Any CPU
		{DF7BA270-B8A0-4E36-898D-D0E8E52F6F68}.Release|Any CPU.Build.0 = Release|Any CPU
		{1018D112-29BB-4014-8743-09AE570601FC}.Debug|Any CPU.ActiveCfg = Debug|Any CPU
		{1018D112-29BB-4014-8743-09AE570601FC}.Debug|Any CPU.Build.0 = Debug|Any CPU
		{1018D112-29BB-4014-8743-09AE570601FC}.Release|Any CPU.ActiveCfg = Release|Any CPU
		{1018D112-29BB-4014-8743-09AE570601FC}.Release|Any CPU.Build.0 = Release|Any CPU
		{C84512D8-F717-45F8-8C99-5BA2479EC429}.Debug|Any CPU.ActiveCfg = Debug|Any CPU
		{C84512D8-F717-45F8-8C99-5BA2479EC429}.Debug|Any CPU.Build.0 = Debug|Any CPU
		{C84512D8-F717-45F8-8C99-5BA2479EC429}.Release|Any CPU.ActiveCfg = Release|Any CPU
		{C84512D8-F717-45F8-8C99-5BA2479EC429}.Release|Any CPU.Build.0 = Release|Any CPU
	EndGlobalSection
	GlobalSection(SolutionProperties) = preSolution
		HideSolutionNode = FALSE
	EndGlobalSection
	GlobalSection(ExtensibilityGlobals) = postSolution
		SolutionGuid = {9A54E183-E84B-41C2-8F67-EDD223088597}
	EndGlobalSection
EndGlobal
